Microsoft Visual Studio Solution File, Format Version 11.00
# Visual Studio 2008

Project("{67833D82-4585-4775-A87C-6BFDF730F16D}") = "HandasaMap", "Assembly-CSharp.csproj", "{8DB6B802-C5F6-E25D-DE82-6BABEAF7718F}"
EndProject
Global
	GlobalSection(SolutionConfigurationPlatforms) = preSolution
		Debug|Any CPU = Debug|Any CPU
		Release|Any CPU = Release|Any CPU
	EndGlobalSection
	GlobalSection(ProjectConfigurationPlatforms) = postSolution
		{8DB6B802-C5F6-E25D-DE82-6BABEAF7718F}.Debug|Any CPU.ActiveCfg = Debug|Any CPU
		{8DB6B802-C5F6-E25D-DE82-6BABEAF7718F}.Debug|Any CPU.Build.0 = Debug|Any CPU
		{8DB6B802-C5F6-E25D-DE82-6BABEAF7718F}.Release|Any CPU.ActiveCfg = Release|Any CPU
		{8DB6B802-C5F6-E25D-DE82-6BABEAF7718F}.Release|Any CPU.Build.0 = Release|Any CPU
	EndGlobalSection
	GlobalSection(SolutionProperties) = preSolution
		HideSolutionNode = FALSE
	EndGlobalSection
	GlobalSection(MonoDevelopProperties) = preSolution
		StartupItem = Assembly-CSharp.csproj
	EndGlobalSection
EndGlobal
